
Microsoft Visual Studio Solution File, Format Version 12.00
# Visual Studio Version 17
VisualStudioVersion = 17.5.002.0
MinimumVisualStudioVersion = 10.0.40219.1
Project("{2150E333-8FDC-42A3-9474-1A3956D46DE8}") = "csharp-prep", "csharp-prep", "{D5508A2F-A333-419C-AE87-3E4F388EAB8F}"
EndProject
Project("{9A19103F-16F7-4668-BE54-9A1E7A4F7556}") = "Prep1", "csharp-prep\Prep1\Prep1.csproj", "{187C30CD-8B90-41F5-AD86-6D95D1A5E652}"
EndProject
Project("{9A19103F-16F7-4668-BE54-9A1E7A4F7556}") = "Prep2", "csharp-prep\Prep2\Prep2.csproj", "{3E7A3255-C708-471D-8DA1-3E782CED2725}"
EndProject
Project("{9A19103F-16F7-4668-BE54-9A1E7A4F7556}") = "Prep3", "csharp-prep\Prep3\Prep3.csproj", "{5F1D51B4-A0CC-4382-8164-1665D87E12FB}"
EndProject
Project("{9A19103F-16F7-4668-BE54-9A1E7A4F7556}") = "Prep4", "csharp-prep\Prep4\Prep4.csproj", "{B7037EC3-A6A0-420C-93CB-2EAF926C2E2E}"
EndProject
Project("{9A19103F-16F7-4668-BE54-9A1E7A4F7556}") = "Prep5", "csharp-prep\Prep5\Prep5.csproj", "{25E9BE5C-FBC9-4D5A-B572-3B9FFA5D4C85}"
EndProject
Project("{2150E333-8FDC-42A3-9474-1A3956D46DE8}") = "final", "final", "{BDA1B5F5-4C80-4F0D-8B3B-DAE7B0D09B57}"
EndProject
Project("{9A19103F-16F7-4668-BE54-9A1E7A4F7556}") = "FinalProject", "final\FinalProject\FinalProject.csproj", "{508724F2-35C6-4405-B098-A135EEB5EE99}"
EndProject
Project("{9A19103F-16F7-4668-BE54-9A1E7A4F7556}") = "Foundation1", "final\Foundation1\Foundation1.csproj", "{10E0B029-953D-4AA8-A803-C4ACDA809CF9}"
EndProject
Project("{9A19103F-16F7-4668-BE54-9A1E7A4F7556}") = "Foundation2", "final\Foundation2\Foundation2.csproj", "{4CD5836F-E762-451B-B496-C06A7E945CDD}"
EndProject
Project("{9A19103F-16F7-4668-BE54-9A1E7A4F7556}") = "Foundation3", "final\Foundation3\Foundation3.csproj", "{20B77D54-667D-4AFA-8AAC-B6264AC475BE}"
EndProject
Project("{9A19103F-16F7-4668-BE54-9A1E7A4F7556}") = "Foundation4", "final\Foundation4\Foundation4.csproj", "{ED9441F9-EF59-4A4F-8385-B7688A382FF3}"
EndProject
Project("{2150E333-8FDC-42A3-9474-1A3956D46DE8}") = "prepare", "prepare", "{C4A3A327-7E32-4374-9052-D6D279A42187}"
EndProject
Project("{9A19103F-16F7-4668-BE54-9A1E7A4F7556}") = "Learning02", "prepare\Learning02\Learning02.csproj", "{7FE0B1C1-C792-4296-AECC-BABEE0ECDFC6}"
EndProject
Project("{9A19103F-16F7-4668-BE54-9A1E7A4F7556}") = "Learning03", "prepare\Learning03\Learning03.csproj", "{7F6622BB-34FD-4D4E-8ABE-163E87FE1E97}"
EndProject
Project("{9A19103F-16F7-4668-BE54-9A1E7A4F7556}") = "Learning04", "prepare\Learning04\Learning04.csproj", "{9034DCDF-36FC-49FD-B23E-86DBA8B71049}"
EndProject
Project("{9A19103F-16F7-4668-BE54-9A1E7A4F7556}") = "Learning05", "prepare\Learning05\Learning05.csproj", "{A3C1D976-60BB-46E9-906A-1D8B674E6B9D}"
EndProject
Project("{2150E333-8FDC-42A3-9474-1A3956D46DE8}") = "prove", "prove", "{64188EA2-0041-4A40-B392-AEF41ED802B1}"
EndProject
Project("{9A19103F-16F7-4668-BE54-9A1E7A4F7556}") = "Develop02", "prove\Develop02\Develop02.csproj", "{A48A34F7-2D36-4EF9-921A-89A2D2868B96}"
EndProject
Project("{9A19103F-16F7-4668-BE54-9A1E7A4F7556}") = "Develop03", "prove\Develop03\Develop03.csproj", "{A4C7EDC6-5341-4BED-ABC5-343BC040692D}"
EndProject
Project("{9A19103F-16F7-4668-BE54-9A1E7A4F7556}") = "Develop04", "prove\Develop04\Develop04.csproj", "{2299D275-E9DE-4073-9856-8782E2891B56}"
EndProject
Project("{9A19103F-16F7-4668-BE54-9A1E7A4F7556}") = "Develop05", "prove\Develop05\Develop05.csproj", "{4B544B58-7013-4B1C-8E34-F11A24356D91}"
EndProject
Project("{2150E333-8FDC-42A3-9474-1A3956D46DE8}") = "sandbox", "sandbox", "{E9F7EDE0-1751-465F-8C8D-B5362DF3C1D7}"
EndProject
Project("{9A19103F-16F7-4668-BE54-9A1E7A4F7556}") = "Sandbox", "sandbox\Sandbox\Sandbox.csproj", "{6FA9745B-8505-41C0-9367-9C68A170876A}"
EndProject
Global
	GlobalSection(SolutionConfigurationPlatforms) = preSolution
		Debug|Any CPU = Debug|Any CPU
		Release|Any CPU = Release|Any CPU
	EndGlobalSection
	GlobalSection(ProjectConfigurationPlatforms) = postSolution
		{187C30CD-8B90-41F5-AD86-6D95D1A5E652}.Debug|Any CPU.ActiveCfg = Debug|Any CPU
		{187C30CD-8B90-41F5-AD86-6D95D1A5E652}.Debug|Any CPU.Build.0 = Debug|Any CPU
		{187C30CD-8B90-41F5-AD86-6D95D1A5E652}.Release|Any CPU.ActiveCfg = Release|Any CPU
		{187C30CD-8B90-41F5-AD86-6D95D1A5E652}.Release|Any CPU.Build.0 = Release|Any CPU
		{3E7A3255-C708-471D-8DA1-3E782CED2725}.Debug|Any CPU.ActiveCfg = Debug|Any CPU
		{3E7A3255-C708-471D-8DA1-3E782CED2725}.Debug|Any CPU.Build.0 = Debug|Any CPU
		{3E7A3255-C708-471D-8DA1-3E782CED2725}.Release|Any CPU.ActiveCfg = Release|Any CPU
		{3E7A3255-C708-471D-8DA1-3E782CED2725}.Release|Any CPU.Build.0 = Release|Any CPU
		{5F1D51B4-A0CC-4382-8164-1665D87E12FB}.Debug|Any CPU.ActiveCfg = Debug|Any CPU
		{5F1D51B4-A0CC-4382-8164-1665D87E12FB}.Debug|Any CPU.Build.0 = Debug|Any CPU
		{5F1D51B4-A0CC-4382-8164-1665D87E12FB}.Release|Any CPU.ActiveCfg = Release|Any CPU
		{5F1D51B4-A0CC-4382-8164-1665D87E12FB}.Release|Any CPU.Build.0 = Release|Any CPU
		{B7037EC3-A6A0-420C-93CB-2EAF926C2E2E}.Debug|Any CPU.ActiveCfg = Debug|Any CPU
		{B7037EC3-A6A0-420C-93CB-2EAF926C2E2E}.Debug|Any CPU.Build.0 = Debug|Any CPU
		{B7037EC3-A6A0-420C-93CB-2EAF926C2E2E}.Release|Any CPU.ActiveCfg = Release|Any CPU
		{B7037EC3-A6A0-420C-93CB-2EAF926C2E2E}.Release|Any CPU.Build.0 = Release|Any CPU
		{25E9BE5C-FBC9-4D5A-B572-3B9FFA5D4C85}.Debug|Any CPU.ActiveCfg = Debug|Any CPU
		{25E9BE5C-FBC9-4D5A-B572-3B9FFA5D4C85}.Debug|Any CPU.Build.0 = Debug|Any CPU
		{25E9BE5C-FBC9-4D5A-B572-3B9FFA5D4C85}.Release|Any CPU.ActiveCfg = Release|Any CPU
		{25E9BE5C-FBC9-4D5A-B572-3B9FFA5D4C85}.Release|Any CPU.Build.0 = Release|Any CPU
		{508724F2-35C6-4405-B098-A135EEB5EE99}.Debug|Any CPU.ActiveCfg = Debug|Any CPU
		{508724F2-35C6-4405-B098-A135EEB5EE99}.Debug|Any CPU.Build.0 = Debug|Any CPU
		{508724F2-35C6-4405-B098-A135EEB5EE99}.Release|Any CPU.ActiveCfg = Release|Any CPU
		{508724F2-35C6-4405-B098-A135EEB5EE99}.Release|Any CPU.Build.0 = Release|Any CPU
		{10E0B029-953D-4AA8-A803-C4ACDA809CF9}.Debug|Any CPU.ActiveCfg = Debug|Any CPU
		{10E0B029-953D-4AA8-A803-C4ACDA809CF9}.Debug|Any CPU.Build.0 = Debug|Any CPU
		{10E0B029-953D-4AA8-A803-C4ACDA809CF9}.Release|Any CPU.ActiveCfg = Release|Any CPU
		{10E0B029-953D-4AA8-A803-C4ACDA809CF9}.Release|Any CPU.Build.0 = Release|Any CPU
		{4CD5836F-E762-451B-B496-C06A7E945CDD}.Debug|Any CPU.ActiveCfg = Debug|Any CPU
		{4CD5836F-E762-451B-B496-C06A7E945CDD}.Debug|Any CPU.Build.0 = Debug|Any CPU
		{4CD5836F-E762-451B-B496-C06A7E945CDD}.Release|Any CPU.ActiveCfg = Release|Any CPU
		{4CD5836F-E762-451B-B496-C06A7E945CDD}.Release|Any CPU.Build.0 = Release|Any CPU
		{20B77D54-667D-4AFA-8AAC-B6264AC475BE}.Debug|Any CPU.ActiveCfg = Debug|Any CPU
		{20B77D54-667D-4AFA-8AAC-B6264AC475BE}.Debug|Any CPU.Build.0 = Debug|Any CPU
		{20B77D54-667D-4AFA-8AAC-B6264AC475BE}.Release|Any CPU.ActiveCfg = Release|Any CPU
		{20B77D54-667D-4AFA-8AAC-B6264AC475BE}.Release|Any CPU.Build.0 = Release|Any CPU
		{ED9441F9-EF59-4A4F-8385-B7688A382FF3}.Debug|Any CPU.ActiveCfg = Debug|Any CPU
		{ED9441F9-EF59-4A4F-8385-B7688A382FF3}.Debug|Any CPU.Build.0 = Debug|Any CPU
		{ED9441F9-EF59-4A4F-8385-B7688A382FF3}.Release|Any CPU.ActiveCfg = Release|Any CPU
		{ED9441F9-EF59-4A4F-8385-B7688A382FF3}.Release|Any CPU.Build.0 = Release|Any CPU
		{7FE0B1C1-C792-4296-AECC-BABEE0ECDFC6}.Debug|Any CPU.ActiveCfg = Debug|Any CPU
		{7FE0B1C1-C792-4296-AECC-BABEE0ECDFC6}.Debug|Any CPU.Build.0 = Debug|Any CPU
		{7FE0B1C1-C792-4296-AECC-BABEE0ECDFC6}.Release|Any CPU.ActiveCfg = Release|Any CPU
		{7FE0B1C1-C792-4296-AECC-BABEE0ECDFC6}.Release|Any CPU.Build.0 = Release|Any CPU
		{7F6622BB-34FD-4D4E-8ABE-163E87FE1E97}.Debug|Any CPU.ActiveCfg = Debug|Any CPU
		{7F6622BB-34FD-4D4E-8ABE-163E87FE1E97}.Debug|Any CPU.Build.0 = Debug|Any CPU
		{7F6622BB-34FD-4D4E-8ABE-163E87FE1E97}.Release|Any CPU.ActiveCfg = Release|Any CPU
		{7F6622BB-34FD-4D4E-8ABE-163E87FE1E97}.Release|Any CPU.Build.0 = Release|Any CPU
		{9034DCDF-36FC-49FD-B23E-86DBA8B71049}.Debug|Any CPU.ActiveCfg = Debug|Any CPU
		{9034DCDF-36FC-49FD-B23E-86DBA8B71049}.Debug|Any CPU.Build.0 = Debug|Any CPU
		{9034DCDF-36FC-49FD-B23E-86DBA8B71049}.Release|Any CPU.ActiveCfg = Release|Any CPU
		{9034DCDF-36FC-49FD-B23E-86DBA8B71049}.Release|Any CPU.Build.0 = Release|Any CPU
		{A3C1D976-60BB-46E9-906A-1D8B674E6B9D}.Debug|Any CPU.ActiveCfg = Debug|Any CPU
		{A3C1D976-60BB-46E9-906A-1D8B674E6B9D}.Debug|Any CPU.Build.0 = Debug|Any CPU
		{A3C1D976-60BB-46E9-906A-1D8B674E6B9D}.Release|Any CPU.ActiveCfg = Release|Any CPU
		{A3C1D976-60BB-46E9-906A-1D8B674E6B9D}.Release|Any CPU.Build.0 = Release|Any CPU
		{A48A34F7-2D36-4EF9-921A-89A2D2868B96}.Debug|Any CPU.ActiveCfg = Debug|Any CPU
		{A48A34F7-2D36-4EF9-921A-89A2D2868B96}.Debug|Any CPU.Build.0 = Debug|Any CPU
		{A48A34F7-2D36-4EF9-921A-89A2D2868B96}.Release|Any CPU.ActiveCfg = Release|Any CPU
		{A48A34F7-2D36-4EF9-921A-89A2D2868B96}.Release|Any CPU.Build.0 = Release|Any CPU
		{A4C7EDC6-5341-4BED-ABC5-343BC040692D}.Debug|Any CPU.ActiveCfg = Debug|Any CPU
		{A4C7EDC6-5341-4BED-ABC5-343BC040692D}.Debug|Any CPU.Build.0 = Debug|Any CPU
		{A4C7EDC6-5341-4BED-ABC5-343BC040692D}.Release|Any CPU.ActiveCfg = Release|Any CPU
		{A4C7EDC6-5341-4BED-ABC5-343BC040692D}.Release|Any CPU.Build.0 = Release|Any CPU
		{2299D275-E9DE-4073-9856-8782E2891B56}.Debug|Any CPU.ActiveCfg = Debug|Any CPU
		{2299D275-E9DE-4073-9856-8782E2891B56}.Debug|Any CPU.Build.0 = Debug|Any CPU
		{2299D275-E9DE-4073-9856-8782E2891B56}.Release|Any CPU.ActiveCfg = Release|Any CPU
		{2299D275-E9DE-4073-9856-8782E2891B56}.Release|Any CPU.Build.0 = Release|Any CPU
		{4B544B58-7013-4B1C-8E34-F11A24356D91}.Debug|Any CPU.ActiveCfg = Debug|Any CPU
		{4B544B58-7013-4B1C-8E34-F11A24356D91}.Debug|Any CPU.Build.0 = Debug|Any CPU
		{4B544B58-7013-4B1C-8E34-F11A24356D91}.Release|Any CPU.ActiveCfg = Release|Any CPU
		{4B544B58-7013-4B1C-8E34-F11A24356D91}.Release|Any CPU.Build.0 = Release|Any CPU
		{6FA9745B-8505-41C0-9367-9C68A170876A}.Debug|Any CPU.ActiveCfg = Debug|Any CPU
		{6FA9745B-8505-41C0-9367-9C68A170876A}.Debug|Any CPU.Build.0 = Debug|Any CPU
		{6FA9745B-8505-41C0-9367-9C68A170876A}.Release|Any CPU.ActiveCfg = Release|Any CPU
		{6FA9745B-8505-41C0-9367-9C68A170876A}.Release|Any CPU.Build.0 = Release|Any CPU
	EndGlobalSection
	GlobalSection(SolutionProperties) = preSolution
		HideSolutionNode = FALSE
	EndGlobalSection
	GlobalSection(NestedProjects) = preSolution
		{187C30CD-8B90-41F5-AD86-6D95D1A5E652} = {D5508A2F-A333-419C-AE87-3E4F388EAB8F}
		{3E7A3255-C708-471D-8DA1-3E782CED2725} = {D5508A2F-A333-419C-AE87-3E4F388EAB8F}
		{5F1D51B4-A0CC-4382-8164-1665D87E12FB} = {D5508A2F-A333-419C-AE87-3E4F388EAB8F}
		{B7037EC3-A6A0-420C-93CB-2EAF926C2E2E} = {D5508A2F-A333-419C-AE87-3E4F388EAB8F}
		{25E9BE5C-FBC9-4D5A-B572-3B9FFA5D4C85} = {D5508A2F-A333-419C-AE87-3E4F388EAB8F}
		{508724F2-35C6-4405-B098-A135EEB5EE99} = {BDA1B5F5-4C80-4F0D-8B3B-DAE7B0D09B57}
		{10E0B029-953D-4AA8-A803-C4ACDA809CF9} = {BDA1B5F5-4C80-4F0D-8B3B-DAE7B0D09B57}
		{4CD5836F-E762-451B-B496-C06A7E945CDD} = {BDA1B5F5-4C80-4F0D-8B3B-DAE7B0D09B57}
		{20B77D54-667D-4AFA-8AAC-B6264AC475BE} = {BDA1B5F5-4C80-4F0D-8B3B-DAE7B0D09B57}
		{ED9441F9-EF59-4A4F-8385-B7688A382FF3} = {BDA1B5F5-4C80-4F0D-8B3B-DAE7B0D09B57}
		{7FE0B1C1-C792-4296-AECC-BABEE0ECDFC6} = {C4A3A327-7E32-4374-9052-D6D279A42187}
		{7F6622BB-34FD-4D4E-8ABE-163E87FE1E97} = {C4A3A327-7E32-4374-9052-D6D279A42187}
		{9034DCDF-36FC-49FD-B23E-86DBA8B71049} = {C4A3A327-7E32-4374-9052-D6D279A42187}
		{A3C1D976-60BB-46E9-906A-1D8B674E6B9D} = {C4A3A327-7E32-4374-9052-D6D279A42187}
		{A48A34F7-2D36-4EF9-921A-89A2D2868B96} = {64188EA2-0041-4A40-B392-AEF41ED802B1}
		{A4C7EDC6-5341-4BED-ABC5-343BC040692D} = {64188EA2-0041-4A40-B392-AEF41ED802B1}
		{2299D275-E9DE-4073-9856-8782E2891B56} = {64188EA2-0041-4A40-B392-AEF41ED802B1}
		{4B544B58-7013-4B1C-8E34-F11A24356D91} = {64188EA2-0041-4A40-B392-AEF41ED802B1}
		{6FA9745B-8505-41C0-9367-9C68A170876A} = {E9F7EDE0-1751-465F-8C8D-B5362DF3C1D7}
	EndGlobalSection
	GlobalSection(ExtensibilityGlobals) = postSolution
		SolutionGuid = {9504400C-49A5-4DB2-8023-E30A412C3AF4}
	EndGlobalSection
EndGlobal
