
Microsoft Visual Studio Solution File, Format Version 12.00
# Visual Studio Version 17
VisualStudioVersion = 17.5.002.0
MinimumVisualStudioVersion = 10.0.40219.1
Project("{2150E333-8FDC-42A3-9474-1A3956D46DE8}") = "csharp-prep", "csharp-prep", "{D6AAF87C-81F7-4B3D-B38B-DEE75B5EED1B}"
EndProject
Project("{9A19103F-16F7-4668-BE54-9A1E7A4F7556}") = "Prep1", "csharp-prep\Prep1\Prep1.csproj", "{28B63405-8FBD-4EFF-809D-A015B901D129}"
EndProject
Project("{9A19103F-16F7-4668-BE54-9A1E7A4F7556}") = "Prep2", "csharp-prep\Prep2\Prep2.csproj", "{D076B394-96A3-45B2-986B-D90D539CF00C}"
EndProject
Project("{9A19103F-16F7-4668-BE54-9A1E7A4F7556}") = "Prep3", "csharp-prep\Prep3\Prep3.csproj", "{6648948B-9FF9-4E65-BD97-955337681E00}"
EndProject
Project("{9A19103F-16F7-4668-BE54-9A1E7A4F7556}") = "Prep4", "csharp-prep\Prep4\Prep4.csproj", "{3E86BA64-89EB-497C-992F-96A072365314}"
EndProject
Project("{9A19103F-16F7-4668-BE54-9A1E7A4F7556}") = "Prep5", "csharp-prep\Prep5\Prep5.csproj", "{D23794D7-8D0F-4DE0-9D1E-4917910EE380}"
EndProject
Project("{2150E333-8FDC-42A3-9474-1A3956D46DE8}") = "final", "final", "{E717A176-79E5-4340-BE6F-018362845EBE}"
EndProject
Project("{9A19103F-16F7-4668-BE54-9A1E7A4F7556}") = "FinalProject", "final\FinalProject\FinalProject.csproj", "{ABA2906C-0825-473D-860F-9C29D07FD785}"
EndProject
Project("{9A19103F-16F7-4668-BE54-9A1E7A4F7556}") = "Foundation1", "final\Foundation1\Foundation1.csproj", "{F592E32F-745F-421C-9D3A-A3BC4A277F9C}"
EndProject
Project("{9A19103F-16F7-4668-BE54-9A1E7A4F7556}") = "Foundation2", "final\Foundation2\Foundation2.csproj", "{E6710D70-AE30-4C65-8979-BD3BA348E40D}"
EndProject
Project("{9A19103F-16F7-4668-BE54-9A1E7A4F7556}") = "Foundation3", "final\Foundation3\Foundation3.csproj", "{DE150482-2DBC-4B2E-AFF2-DA3218E43EF0}"
EndProject
Project("{9A19103F-16F7-4668-BE54-9A1E7A4F7556}") = "Foundation4", "final\Foundation4\Foundation4.csproj", "{440E2A5E-81DB-4137-8861-CF4AED242CF3}"
EndProject
Project("{2150E333-8FDC-42A3-9474-1A3956D46DE8}") = "prepare", "prepare", "{274DFCC9-0F71-4554-A418-793A849FDCAD}"
EndProject
Project("{9A19103F-16F7-4668-BE54-9A1E7A4F7556}") = "Learning02", "prepare\Learning02\Learning02.csproj", "{99E27BE0-AADF-4F53-9B36-D4D9A00CB70B}"
EndProject
Project("{9A19103F-16F7-4668-BE54-9A1E7A4F7556}") = "Learning03", "prepare\Learning03\Learning03.csproj", "{E355C09B-9ED0-42AA-A554-6F32D8BBD2B8}"
EndProject
Project("{9A19103F-16F7-4668-BE54-9A1E7A4F7556}") = "Learning04", "prepare\Learning04\Learning04.csproj", "{15DDED30-E779-4D3E-BB5F-9DF5E9BE8E35}"
EndProject
Project("{9A19103F-16F7-4668-BE54-9A1E7A4F7556}") = "Learning05", "prepare\Learning05\Learning05.csproj", "{C8A3070E-80E8-42F4-8557-545566A7CEDD}"
EndProject
Project("{2150E333-8FDC-42A3-9474-1A3956D46DE8}") = "prove", "prove", "{F255EDDB-E840-487E-9042-F2FCE7F0003B}"
EndProject
Project("{9A19103F-16F7-4668-BE54-9A1E7A4F7556}") = "Develop02", "prove\Develop02\Develop02.csproj", "{6E70F815-4AFA-471F-AEB3-587A5793F4A8}"
EndProject
Project("{9A19103F-16F7-4668-BE54-9A1E7A4F7556}") = "Develop03", "prove\Develop03\Develop03.csproj", "{61EA955F-2229-4A0D-966D-2F329A17F7DE}"
EndProject
Project("{9A19103F-16F7-4668-BE54-9A1E7A4F7556}") = "Develop04", "prove\Develop04\Develop04.csproj", "{33283117-1BFA-4F82-955F-B5192CB1597F}"
EndProject
Project("{9A19103F-16F7-4668-BE54-9A1E7A4F7556}") = "Develop05", "prove\Develop05\Develop05.csproj", "{8D3FF0AD-4758-4638-ABD8-82850152ACD0}"
EndProject
Project("{2150E333-8FDC-42A3-9474-1A3956D46DE8}") = "sandbox", "sandbox", "{CFEBD76F-8B61-4AFB-8F5C-1E174BA06114}"
EndProject
Project("{9A19103F-16F7-4668-BE54-9A1E7A4F7556}") = "Sandbox", "sandbox\Sandbox\Sandbox.csproj", "{7A0AF0EF-823D-41EE-A194-297FA0C995BD}"
EndProject
Global
	GlobalSection(SolutionConfigurationPlatforms) = preSolution
		Debug|Any CPU = Debug|Any CPU
		Release|Any CPU = Release|Any CPU
	EndGlobalSection
	GlobalSection(ProjectConfigurationPlatforms) = postSolution
		{28B63405-8FBD-4EFF-809D-A015B901D129}.Debug|Any CPU.ActiveCfg = Debug|Any CPU
		{28B63405-8FBD-4EFF-809D-A015B901D129}.Debug|Any CPU.Build.0 = Debug|Any CPU
		{28B63405-8FBD-4EFF-809D-A015B901D129}.Release|Any CPU.ActiveCfg = Release|Any CPU
		{28B63405-8FBD-4EFF-809D-A015B901D129}.Release|Any CPU.Build.0 = Release|Any CPU
		{D076B394-96A3-45B2-986B-D90D539CF00C}.Debug|Any CPU.ActiveCfg = Debug|Any CPU
		{D076B394-96A3-45B2-986B-D90D539CF00C}.Debug|Any CPU.Build.0 = Debug|Any CPU
		{D076B394-96A3-45B2-986B-D90D539CF00C}.Release|Any CPU.ActiveCfg = Release|Any CPU
		{D076B394-96A3-45B2-986B-D90D539CF00C}.Release|Any CPU.Build.0 = Release|Any CPU
		{6648948B-9FF9-4E65-BD97-955337681E00}.Debug|Any CPU.ActiveCfg = Debug|Any CPU
		{6648948B-9FF9-4E65-BD97-955337681E00}.Debug|Any CPU.Build.0 = Debug|Any CPU
		{6648948B-9FF9-4E65-BD97-955337681E00}.Release|Any CPU.ActiveCfg = Release|Any CPU
		{6648948B-9FF9-4E65-BD97-955337681E00}.Release|Any CPU.Build.0 = Release|Any CPU
		{3E86BA64-89EB-497C-992F-96A072365314}.Debug|Any CPU.ActiveCfg = Debug|Any CPU
		{3E86BA64-89EB-497C-992F-96A072365314}.Debug|Any CPU.Build.0 = Debug|Any CPU
		{3E86BA64-89EB-497C-992F-96A072365314}.Release|Any CPU.ActiveCfg = Release|Any CPU
		{3E86BA64-89EB-497C-992F-96A072365314}.Release|Any CPU.Build.0 = Release|Any CPU
		{D23794D7-8D0F-4DE0-9D1E-4917910EE380}.Debug|Any CPU.ActiveCfg = Debug|Any CPU
		{D23794D7-8D0F-4DE0-9D1E-4917910EE380}.Debug|Any CPU.Build.0 = Debug|Any CPU
		{D23794D7-8D0F-4DE0-9D1E-4917910EE380}.Release|Any CPU.ActiveCfg = Release|Any CPU
		{D23794D7-8D0F-4DE0-9D1E-4917910EE380}.Release|Any CPU.Build.0 = Release|Any CPU
		{ABA2906C-0825-473D-860F-9C29D07FD785}.Debug|Any CPU.ActiveCfg = Debug|Any CPU
		{ABA2906C-0825-473D-860F-9C29D07FD785}.Debug|Any CPU.Build.0 = Debug|Any CPU
		{ABA2906C-0825-473D-860F-9C29D07FD785}.Release|Any CPU.ActiveCfg = Release|Any CPU
		{ABA2906C-0825-473D-860F-9C29D07FD785}.Release|Any CPU.Build.0 = Release|Any CPU
		{F592E32F-745F-421C-9D3A-A3BC4A277F9C}.Debug|Any CPU.ActiveCfg = Debug|Any CPU
		{F592E32F-745F-421C-9D3A-A3BC4A277F9C}.Debug|Any CPU.Build.0 = Debug|Any CPU
		{F592E32F-745F-421C-9D3A-A3BC4A277F9C}.Release|Any CPU.ActiveCfg = Release|Any CPU
		{F592E32F-745F-421C-9D3A-A3BC4A277F9C}.Release|Any CPU.Build.0 = Release|Any CPU
		{E6710D70-AE30-4C65-8979-BD3BA348E40D}.Debug|Any CPU.ActiveCfg = Debug|Any CPU
		{E6710D70-AE30-4C65-8979-BD3BA348E40D}.Debug|Any CPU.Build.0 = Debug|Any CPU
		{E6710D70-AE30-4C65-8979-BD3BA348E40D}.Release|Any CPU.ActiveCfg = Release|Any CPU
		{E6710D70-AE30-4C65-8979-BD3BA348E40D}.Release|Any CPU.Build.0 = Release|Any CPU
		{DE150482-2DBC-4B2E-AFF2-DA3218E43EF0}.Debug|Any CPU.ActiveCfg = Debug|Any CPU
		{DE150482-2DBC-4B2E-AFF2-DA3218E43EF0}.Debug|Any CPU.Build.0 = Debug|Any CPU
		{DE150482-2DBC-4B2E-AFF2-DA3218E43EF0}.Release|Any CPU.ActiveCfg = Release|Any CPU
		{DE150482-2DBC-4B2E-AFF2-DA3218E43EF0}.Release|Any CPU.Build.0 = Release|Any CPU
		{440E2A5E-81DB-4137-8861-CF4AED242CF3}.Debug|Any CPU.ActiveCfg = Debug|Any CPU
		{440E2A5E-81DB-4137-8861-CF4AED242CF3}.Debug|Any CPU.Build.0 = Debug|Any CPU
		{440E2A5E-81DB-4137-8861-CF4AED242CF3}.Release|Any CPU.ActiveCfg = Release|Any CPU
		{440E2A5E-81DB-4137-8861-CF4AED242CF3}.Release|Any CPU.Build.0 = Release|Any CPU
		{99E27BE0-AADF-4F53-9B36-D4D9A00CB70B}.Debug|Any CPU.ActiveCfg = Debug|Any CPU
		{99E27BE0-AADF-4F53-9B36-D4D9A00CB70B}.Debug|Any CPU.Build.0 = Debug|Any CPU
		{99E27BE0-AADF-4F53-9B36-D4D9A00CB70B}.Release|Any CPU.ActiveCfg = Release|Any CPU
		{99E27BE0-AADF-4F53-9B36-D4D9A00CB70B}.Release|Any CPU.Build.0 = Release|Any CPU
		{E355C09B-9ED0-42AA-A554-6F32D8BBD2B8}.Debug|Any CPU.ActiveCfg = Debug|Any CPU
		{E355C09B-9ED0-42AA-A554-6F32D8BBD2B8}.Debug|Any CPU.Build.0 = Debug|Any CPU
		{E355C09B-9ED0-42AA-A554-6F32D8BBD2B8}.Release|Any CPU.ActiveCfg = Release|Any CPU
		{E355C09B-9ED0-42AA-A554-6F32D8BBD2B8}.Release|Any CPU.Build.0 = Release|Any CPU
		{15DDED30-E779-4D3E-BB5F-9DF5E9BE8E35}.Debug|Any CPU.ActiveCfg = Debug|Any CPU
		{15DDED30-E779-4D3E-BB5F-9DF5E9BE8E35}.Debug|Any CPU.Build.0 = Debug|Any CPU
		{15DDED30-E779-4D3E-BB5F-9DF5E9BE8E35}.Release|Any CPU.ActiveCfg = Release|Any CPU
		{15DDED30-E779-4D3E-BB5F-9DF5E9BE8E35}.Release|Any CPU.Build.0 = Release|Any CPU
		{C8A3070E-80E8-42F4-8557-545566A7CEDD}.Debug|Any CPU.ActiveCfg = Debug|Any CPU
		{C8A3070E-80E8-42F4-8557-545566A7CEDD}.Debug|Any CPU.Build.0 = Debug|Any CPU
		{C8A3070E-80E8-42F4-8557-545566A7CEDD}.Release|Any CPU.ActiveCfg = Release|Any CPU
		{C8A3070E-80E8-42F4-8557-545566A7CEDD}.Release|Any CPU.Build.0 = Release|Any CPU
		{6E70F815-4AFA-471F-AEB3-587A5793F4A8}.Debug|Any CPU.ActiveCfg = Debug|Any CPU
		{6E70F815-4AFA-471F-AEB3-587A5793F4A8}.Debug|Any CPU.Build.0 = Debug|Any CPU
		{6E70F815-4AFA-471F-AEB3-587A5793F4A8}.Release|Any CPU.ActiveCfg = Release|Any CPU
		{6E70F815-4AFA-471F-AEB3-587A5793F4A8}.Release|Any CPU.Build.0 = Release|Any CPU
		{61EA955F-2229-4A0D-966D-2F329A17F7DE}.Debug|Any CPU.ActiveCfg = Debug|Any CPU
		{61EA955F-2229-4A0D-966D-2F329A17F7DE}.Debug|Any CPU.Build.0 = Debug|Any CPU
		{61EA955F-2229-4A0D-966D-2F329A17F7DE}.Release|Any CPU.ActiveCfg = Release|Any CPU
		{61EA955F-2229-4A0D-966D-2F329A17F7DE}.Release|Any CPU.Build.0 = Release|Any CPU
		{33283117-1BFA-4F82-955F-B5192CB1597F}.Debug|Any CPU.ActiveCfg = Debug|Any CPU
		{33283117-1BFA-4F82-955F-B5192CB1597F}.Debug|Any CPU.Build.0 = Debug|Any CPU
		{33283117-1BFA-4F82-955F-B5192CB1597F}.Release|Any CPU.ActiveCfg = Release|Any CPU
		{33283117-1BFA-4F82-955F-B5192CB1597F}.Release|Any CPU.Build.0 = Release|Any CPU
		{8D3FF0AD-4758-4638-ABD8-82850152ACD0}.Debug|Any CPU.ActiveCfg = Debug|Any CPU
		{8D3FF0AD-4758-4638-ABD8-82850152ACD0}.Debug|Any CPU.Build.0 = Debug|Any CPU
		{8D3FF0AD-4758-4638-ABD8-82850152ACD0}.Release|Any CPU.ActiveCfg = Release|Any CPU
		{8D3FF0AD-4758-4638-ABD8-82850152ACD0}.Release|Any CPU.Build.0 = Release|Any CPU
		{7A0AF0EF-823D-41EE-A194-297FA0C995BD}.Debug|Any CPU.ActiveCfg = Debug|Any CPU
		{7A0AF0EF-823D-41EE-A194-297FA0C995BD}.Debug|Any CPU.Build.0 = Debug|Any CPU
		{7A0AF0EF-823D-41EE-A194-297FA0C995BD}.Release|Any CPU.ActiveCfg = Release|Any CPU
		{7A0AF0EF-823D-41EE-A194-297FA0C995BD}.Release|Any CPU.Build.0 = Release|Any CPU
	EndGlobalSection
	GlobalSection(SolutionProperties) = preSolution
		HideSolutionNode = FALSE
	EndGlobalSection
	GlobalSection(NestedProjects) = preSolution
		{28B63405-8FBD-4EFF-809D-A015B901D129} = {D6AAF87C-81F7-4B3D-B38B-DEE75B5EED1B}
		{D076B394-96A3-45B2-986B-D90D539CF00C} = {D6AAF87C-81F7-4B3D-B38B-DEE75B5EED1B}
		{6648948B-9FF9-4E65-BD97-955337681E00} = {D6AAF87C-81F7-4B3D-B38B-DEE75B5EED1B}
		{3E86BA64-89EB-497C-992F-96A072365314} = {D6AAF87C-81F7-4B3D-B38B-DEE75B5EED1B}
		{D23794D7-8D0F-4DE0-9D1E-4917910EE380} = {D6AAF87C-81F7-4B3D-B38B-DEE75B5EED1B}
		{ABA2906C-0825-473D-860F-9C29D07FD785} = {E717A176-79E5-4340-BE6F-018362845EBE}
		{F592E32F-745F-421C-9D3A-A3BC4A277F9C} = {E717A176-79E5-4340-BE6F-018362845EBE}
		{E6710D70-AE30-4C65-8979-BD3BA348E40D} = {E717A176-79E5-4340-BE6F-018362845EBE}
		{DE150482-2DBC-4B2E-AFF2-DA3218E43EF0} = {E717A176-79E5-4340-BE6F-018362845EBE}
		{440E2A5E-81DB-4137-8861-CF4AED242CF3} = {E717A176-79E5-4340-BE6F-018362845EBE}
		{99E27BE0-AADF-4F53-9B36-D4D9A00CB70B} = {274DFCC9-0F71-4554-A418-793A849FDCAD}
		{E355C09B-9ED0-42AA-A554-6F32D8BBD2B8} = {274DFCC9-0F71-4554-A418-793A849FDCAD}
		{15DDED30-E779-4D3E-BB5F-9DF5E9BE8E35} = {274DFCC9-0F71-4554-A418-793A849FDCAD}
		{C8A3070E-80E8-42F4-8557-545566A7CEDD} = {274DFCC9-0F71-4554-A418-793A849FDCAD}
		{6E70F815-4AFA-471F-AEB3-587A5793F4A8} = {F255EDDB-E840-487E-9042-F2FCE7F0003B}
		{61EA955F-2229-4A0D-966D-2F329A17F7DE} = {F255EDDB-E840-487E-9042-F2FCE7F0003B}
		{33283117-1BFA-4F82-955F-B5192CB1597F} = {F255EDDB-E840-487E-9042-F2FCE7F0003B}
		{8D3FF0AD-4758-4638-ABD8-82850152ACD0} = {F255EDDB-E840-487E-9042-F2FCE7F0003B}
		{7A0AF0EF-823D-41EE-A194-297FA0C995BD} = {CFEBD76F-8B61-4AFB-8F5C-1E174BA06114}
	EndGlobalSection
	GlobalSection(ExtensibilityGlobals) = postSolution
		SolutionGuid = {EF536136-9B76-44E5-B583-813639088E81}
	EndGlobalSection
EndGlobal
